
Microsoft Visual Studio Solution File, Format Version 12.00
# Visual Studio Version 16
VisualStudioVersion = 16.0.30413.136
MinimumVisualStudioVersion = 10.0.40219.1
Project("{9A19103F-16F7-4668-BE54-9A1E7A4F7556}") = "Hsf.ApplicationProcess.August2020.Web", "Hsf.ApplicationProcess.August2020.Web\Hsf.ApplicationProcess.August2020.Web.csproj", "{6F7D7038-E32D-4540-906D-D321D017D9E8}"
EndProject
Project("{9A19103F-16F7-4668-BE54-9A1E7A4F7556}") = "Hsf.ApplicationProcess.August2020.Data", "Hsf.ApplicationProcess.August2020.Data\Hsf.ApplicationProcess.August2020.Data.csproj", "{70CCB4AE-F9E2-4738-921B-F905F23F2D0F}"
EndProject
Project("{9A19103F-16F7-4668-BE54-9A1E7A4F7556}") = "Hsf.ApplicationProcess.August2020.Domain", "Hsf.ApplicationProcess.August2020.Domain\Hsf.ApplicationProcess.August2020.Domain.csproj", "{C06240B1-6733-4057-AA59-6141745AD779}"
EndProject
Project("{2150E333-8FDC-42A3-9474-1A3956D46DE8}") = "Solution Items", "Solution Items", "{4AC71009-B2E2-4961-94C3-7944455F8C27}"
	ProjectSection(SolutionItems) = preProject
		.editorconfig = .editorconfig
	EndProjectSection
EndProject
Project("{FAE04EC0-301F-11D3-BF4B-00C04F79EFBC}") = "Hsf.ApplicationProcess.August2020.Blazor", "Hsf.ApplicationProcess.August2020.Blazor\Hsf.ApplicationProcess.August2020.Blazor.csproj", "{12905AA4-142D-4392-871C-F72D514D588B}"
EndProject
Global
	GlobalSection(SolutionConfigurationPlatforms) = preSolution
		Debug|Any CPU = Debug|Any CPU
		Release|Any CPU = Release|Any CPU
	EndGlobalSection
	GlobalSection(ProjectConfigurationPlatforms) = postSolution
		{6F7D7038-E32D-4540-906D-D321D017D9E8}.Debug|Any CPU.ActiveCfg = Debug|Any CPU
		{6F7D7038-E32D-4540-906D-D321D017D9E8}.Debug|Any CPU.Build.0 = Debug|Any CPU
		{6F7D7038-E32D-4540-906D-D321D017D9E8}.Release|Any CPU.ActiveCfg = Release|Any CPU
		{6F7D7038-E32D-4540-906D-D321D017D9E8}.Release|Any CPU.Build.0 = Release|Any CPU
		{70CCB4AE-F9E2-4738-921B-F905F23F2D0F}.Debug|Any CPU.ActiveCfg = Debug|Any CPU
		{70CCB4AE-F9E2-4738-921B-F905F23F2D0F}.Debug|Any CPU.Build.0 = Debug|Any CPU
		{70CCB4AE-F9E2-4738-921B-F905F23F2D0F}.Release|Any CPU.ActiveCfg = Release|Any CPU
		{70CCB4AE-F9E2-4738-921B-F905F23F2D0F}.Release|Any CPU.Build.0 = Release|Any CPU
		{C06240B1-6733-4057-AA59-6141745AD779}.Debug|Any CPU.ActiveCfg = Debug|Any CPU
		{C06240B1-6733-4057-AA59-6141745AD779}.Debug|Any CPU.Build.0 = Debug|Any CPU
		{C06240B1-6733-4057-AA59-6141745AD779}.Release|Any CPU.ActiveCfg = Release|Any CPU
		{C06240B1-6733-4057-AA59-6141745AD779}.Release|Any CPU.Build.0 = Release|Any CPU
		{12905AA4-142D-4392-871C-F72D514D588B}.Debug|Any CPU.ActiveCfg = Debug|Any CPU
		{12905AA4-142D-4392-871C-F72D514D588B}.Debug|Any CPU.Build.0 = Debug|Any CPU
		{12905AA4-142D-4392-871C-F72D514D588B}.Release|Any CPU.ActiveCfg = Release|Any CPU
		{12905AA4-142D-4392-871C-F72D514D588B}.Release|Any CPU.Build.0 = Release|Any CPU
	EndGlobalSection
	GlobalSection(SolutionProperties) = preSolution
		HideSolutionNode = FALSE
	EndGlobalSection
	GlobalSection(ExtensibilityGlobals) = postSolution
		SolutionGuid = {BD4B5A04-2D97-4275-952A-B31204EC1016}
	EndGlobalSection
EndGlobal
